PODS:
  - FlutterMacOS (1.0.0)
  - SQLCipher (4.8.0):
    - SQLCipher/standard (= 4.8.0)
  - SQLCipher/common (4.8.0)
  - SQLCipher/standard (4.8.0):
    - SQLCipher/common
  - sqlcipher_flutter_libs (0.0.1):
    - FlutterMacOS
    - SQLCipher (~> 4.8.0)

DEPENDENCIES:
  - FlutterMacOS (from `Flutter/ephemeral`)
  - sqlcipher_flutter_libs (from `Flutter/ephemeral/.symlinks/plugins/sqlcipher_flutter_libs/macos`)

SPEC REPOS:
  trunk:
    - SQLCipher

EXTERNAL SOURCES:
  FlutterMacOS:
    :path: Flutter/ephemeral
  sqlcipher_flutter_libs:
    :path: Flutter/ephemeral/.symlinks/plugins/sqlcipher_flutter_libs/macos

SPEC CHECKSUMS:
  FlutterMacOS: 8f6f14fa908a6fb3fba0cd85dbd81ec4b251fb24
  SQLCipher: 908f846ca79d74be4e1776b3b86c6ad9e6c0b04f
  sqlcipher_flutter_libs: 72569ed27a3f8d3502571be15fdc3e28f8f8570c

PODFILE CHECKSUM: 353c8bcc5d5b0994e508d035b5431cfe18c1dea7

COCOAPODS: 1.16.2
