{
  "originHash" : "30f045e70ea1d033f7e25465f217a8f22ba8aae829e8bb9811c4c6e40ec5bf75",
  "pins" : [
    {
      "identity" : "csqlite",
      "kind" : "remoteSourceControl",
      "location" : "https://github.com/simolus3/CSQLite.git",
      "state" : {
        "revision" : "a268235ae86718e66d6a29feef3bd22c772eb82b"
      }
    }
  ],
  "version" : 3
}
