{
  "originHash" : "bd6c054a79241b2259c9768a532c8a99406fa9b75ad8eacb3a3d60a6e170925f",
  "pins" : [
    {
      "identity" : "csqlite",
      "kind" : "remoteSourceControl",
      "location" : "https://github.com/simolus3/CSQLite.git",
      "state" : {
        "revision" : "1e65fe006d4fdb40c202e821a40c7c111ee21582"
      }
    }
  ],
  "version" : 3
}
