{
  "originHash" : "bd6c054a79241b2259c9768a532c8a99406fa9b75ad8eacb3a3d60a6e170925f",
  "pins" : [
    {
      "identity" : "csqlite",
      "kind" : "remoteSourceControl",
      "location" : "https://github.com/simolus3/CSQLite.git",
      "state" : {
        "revision" : "cb5cc680205aa422cffbc7fc3f096a5137db741a"
      }
    }
  ],
  "version" : 3
}
